
Microsoft Visual Studio Solution File, Format Version 12.00
# Visual Studio 15
VisualStudioVersion = 15.0.28307.106
MinimumVisualStudioVersion = 10.0.40219.1
Project("{888888A0-9F3D-457C-B088-3A5042F75D52}") = "parser-test", "parser-test\parser-test.pyproj", "{798B5F44-B3A3-497C-9B0E-7CE60A1F3F68}"
EndProject
Project("{888888A0-9F3D-457C-B088-3A5042F75D52}") = "schema-test", "schema-test\schema-test.pyproj", "{7175F10E-59AA-4923-B458-B9E17EA8DE80}"
EndProject
Global
	GlobalSection(SolutionConfigurationPlatforms) = preSolution
		Debug|Any CPU = Debug|Any CPU
		Release|Any CPU = Release|Any CPU
	EndGlobalSection
	GlobalSection(ProjectConfigurationPlatforms) = postSolution
		{798B5F44-B3A3-497C-9B0E-7CE60A1F3F68}.Debug|Any CPU.ActiveCfg = Debug|Any CPU
		{798B5F44-B3A3-497C-9B0E-7CE60A1F3F68}.Release|Any CPU.ActiveCfg = Release|Any CPU
		{7175F10E-59AA-4923-B458-B9E17EA8DE80}.Debug|Any CPU.ActiveCfg = Debug|Any CPU
		{7175F10E-59AA-4923-B458-B9E17EA8DE80}.Release|Any CPU.ActiveCfg = Release|Any CPU
	EndGlobalSection
	GlobalSection(SolutionProperties) = preSolution
		HideSolutionNode = FALSE
	EndGlobalSection
	GlobalSection(ExtensibilityGlobals) = postSolution
		SolutionGuid = {6852570C-57C5-4DFC-BCB3-AA8A34C6CC12}
	EndGlobalSection
EndGlobal
